
Microsoft Visual Studio Solution File, Format Version 12.00
# Visual Studio Version 17
VisualStudioVersion = 17.2.32526.322
MinimumVisualStudioVersion = 10.0.40219.1
Project("{FAE04EC0-301F-11D3-BF4B-00C04F79EFBC}") = "OrianaExpenseFormWebApi", "OrianaExpenseFormWebApi\OrianaExpenseFormWebApi.csproj", "{58A64B54-F8EE-4CC0-A44B-53CEE3F17070}"
EndProject
Project("{9A19103F-16F7-4668-BE54-9A1E7A4F7556}") = "Business", "Business\Business.csproj", "{2BC119D1-F0FA-4646-9B62-B0055E9D1426}"
EndProject
Project("{9A19103F-16F7-4668-BE54-9A1E7A4F7556}") = "Core", "Core\Core.csproj", "{A47C141C-0E36-4335-A4E8-441C24EFE460}"
EndProject
Project("{9A19103F-16F7-4668-BE54-9A1E7A4F7556}") = "DataAccess", "DataAccess\DataAccess.csproj", "{3F4A2083-E316-4CCE-BF0B-DF078DD1CF06}"
EndProject
Project("{9A19103F-16F7-4668-BE54-9A1E7A4F7556}") = "Entities", "Entities\Entities.csproj", "{8C024DCA-B21A-461D-B18D-2284A66DA8BE}"
EndProject
Global
	GlobalSection(SolutionConfigurationPlatforms) = preSolution
		Debug|Any CPU = Debug|Any CPU
		Release|Any CPU = Release|Any CPU
	EndGlobalSection
	GlobalSection(ProjectConfigurationPlatforms) = postSolution
		{58A64B54-F8EE-4CC0-A44B-53CEE3F17070}.Debug|Any CPU.ActiveCfg = Debug|Any CPU
		{58A64B54-F8EE-4CC0-A44B-53CEE3F17070}.Debug|Any CPU.Build.0 = Debug|Any CPU
		{58A64B54-F8EE-4CC0-A44B-53CEE3F17070}.Release|Any CPU.ActiveCfg = Release|Any CPU
		{58A64B54-F8EE-4CC0-A44B-53CEE3F17070}.Release|Any CPU.Build.0 = Release|Any CPU
		{2BC119D1-F0FA-4646-9B62-B0055E9D1426}.Debug|Any CPU.ActiveCfg = Debug|Any CPU
		{2BC119D1-F0FA-4646-9B62-B0055E9D1426}.Debug|Any CPU.Build.0 = Debug|Any CPU
		{2BC119D1-F0FA-4646-9B62-B0055E9D1426}.Release|Any CPU.ActiveCfg = Release|Any CPU
		{2BC119D1-F0FA-4646-9B62-B0055E9D1426}.Release|Any CPU.Build.0 = Release|Any CPU
		{A47C141C-0E36-4335-A4E8-441C24EFE460}.Debug|Any CPU.ActiveCfg = Debug|Any CPU
		{A47C141C-0E36-4335-A4E8-441C24EFE460}.Debug|Any CPU.Build.0 = Debug|Any CPU
		{A47C141C-0E36-4335-A4E8-441C24EFE460}.Release|Any CPU.ActiveCfg = Release|Any CPU
		{A47C141C-0E36-4335-A4E8-441C24EFE460}.Release|Any CPU.Build.0 = Release|Any CPU
		{3F4A2083-E316-4CCE-BF0B-DF078DD1CF06}.Debug|Any CPU.ActiveCfg = Debug|Any CPU
		{3F4A2083-E316-4CCE-BF0B-DF078DD1CF06}.Debug|Any CPU.Build.0 = Debug|Any CPU
		{3F4A2083-E316-4CCE-BF0B-DF078DD1CF06}.Release|Any CPU.ActiveCfg = Release|Any CPU
		{3F4A2083-E316-4CCE-BF0B-DF078DD1CF06}.Release|Any CPU.Build.0 = Release|Any CPU
		{8C024DCA-B21A-461D-B18D-2284A66DA8BE}.Debug|Any CPU.ActiveCfg = Debug|Any CPU
		{8C024DCA-B21A-461D-B18D-2284A66DA8BE}.Debug|Any CPU.Build.0 = Debug|Any CPU
		{8C024DCA-B21A-461D-B18D-2284A66DA8BE}.Release|Any CPU.ActiveCfg = Release|Any CPU
		{8C024DCA-B21A-461D-B18D-2284A66DA8BE}.Release|Any CPU.Build.0 = Release|Any CPU
	EndGlobalSection
	GlobalSection(SolutionProperties) = preSolution
		HideSolutionNode = FALSE
	EndGlobalSection
	GlobalSection(ExtensibilityGlobals) = postSolution
		SolutionGuid = {EEEA4644-C846-488D-BE6A-EA83C2F48A38}
	EndGlobalSection
EndGlobal
